
Microsoft Visual Studio Solution File, Format Version 12.00
# Visual Studio 15
Project("{FAE04EC0-301F-11D3-BF4B-00C04F79EFBC}") = "Assembly-CSharp", "Assembly-CSharp.csproj", "{B812F5C5-4B82-FF81-C74F-57153E5B9157}"
EndProject
Project("{FAE04EC0-301F-11D3-BF4B-00C04F79EFBC}") = "Assembly-CSharp-firstpass", "Assembly-CSharp-firstpass.csproj", "{296F3AE3-596B-781D-BAFC-EEB718889A1C}"
EndProject
Project("{FAE04EC0-301F-11D3-BF4B-00C04F79EFBC}") = "Assembly-CSharp-Editor", "Assembly-CSharp-Editor.csproj", "{4CA89808-1AF8-68C9-C9F2-372691888A7F}"
EndProject
Global
	GlobalSection(SolutionConfigurationPlatforms) = preSolution
		Debug|Any CPU = Debug|Any CPU
		Release|Any CPU = Release|Any CPU
	EndGlobalSection
	GlobalSection(ProjectConfigurationPlatforms) = postSolution
		{B812F5C5-4B82-FF81-C74F-57153E5B9157}.Debug|Any CPU.ActiveCfg = Debug|Any CPU
		{B812F5C5-4B82-FF81-C74F-57153E5B9157}.Debug|Any CPU.Build.0 = Debug|Any CPU
		{B812F5C5-4B82-FF81-C74F-57153E5B9157}.Release|Any CPU.ActiveCfg = Release|Any CPU
		{B812F5C5-4B82-FF81-C74F-57153E5B9157}.Release|Any CPU.Build.0 = Release|Any CPU
		{296F3AE3-596B-781D-BAFC-EEB718889A1C}.Debug|Any CPU.ActiveCfg = Debug|Any CPU
		{296F3AE3-596B-781D-BAFC-EEB718889A1C}.Debug|Any CPU.Build.0 = Debug|Any CPU
		{296F3AE3-596B-781D-BAFC-EEB718889A1C}.Release|Any CPU.ActiveCfg = Release|Any CPU
		{296F3AE3-596B-781D-BAFC-EEB718889A1C}.Release|Any CPU.Build.0 = Release|Any CPU
		{4CA89808-1AF8-68C9-C9F2-372691888A7F}.Debug|Any CPU.ActiveCfg = Debug|Any CPU
		{4CA89808-1AF8-68C9-C9F2-372691888A7F}.Debug|Any CPU.Build.0 = Debug|Any CPU
		{4CA89808-1AF8-68C9-C9F2-372691888A7F}.Release|Any CPU.ActiveCfg = Release|Any CPU
		{4CA89808-1AF8-68C9-C9F2-372691888A7F}.Release|Any CPU.Build.0 = Release|Any CPU
	EndGlobalSection
	GlobalSection(SolutionProperties) = preSolution
		HideSolutionNode = FALSE
	EndGlobalSection
EndGlobal
